
Microsoft Visual Studio Solution File, Format Version 12.00
# Visual Studio Version 17
VisualStudioVersion = 17.2.32526.322
MinimumVisualStudioVersion = 10.0.40219.1
Project("{FAE04EC0-301F-11D3-BF4B-00C04F79EFBC}") = "VnsTrips", "VnsTrips\VnsTrips.csproj", "{7E84E142-4067-48ED-A395-62190AB14641}"
EndProject
Global
	GlobalSection(SolutionConfigurationPlatforms) = preSolution
		Debug|Any CPU = Debug|Any CPU
		Release|Any CPU = Release|Any CPU
	EndGlobalSection
	GlobalSection(ProjectConfigurationPlatforms) = postSolution
		{7E84E142-4067-48ED-A395-62190AB14641}.Debug|Any CPU.ActiveCfg = Debug|Any CPU
		{7E84E142-4067-48ED-A395-62190AB14641}.Debug|Any CPU.Build.0 = Debug|Any CPU
		{7E84E142-4067-48ED-A395-62190AB14641}.Release|Any CPU.ActiveCfg = Release|Any CPU
		{7E84E142-4067-48ED-A395-62190AB14641}.Release|Any CPU.Build.0 = Release|Any CPU
	EndGlobalSection
	GlobalSection(SolutionProperties) = preSolution
		HideSolutionNode = FALSE
	EndGlobalSection
	GlobalSection(ExtensibilityGlobals) = postSolution
		SolutionGuid = {38B850BC-71FB-49E4-AE1D-164AF8A12370}
	EndGlobalSection
EndGlobal
